PODS:
  - KochavaConsentiOS (4.3.1):
    - KochavaUIiOS (~> 4.3.1)
  - KochavaCoreiOS (4.3.1)
  - KochavaUIiOS (4.3.1):
    - KochavaCoreiOS (~> 4.3.1)

DEPENDENCIES:
  - KochavaConsentiOS (from `../`)

SPEC REPOS:
  trunk:
    - KochavaCoreiOS
    - KochavaUIiOS

EXTERNAL SOURCES:
  KochavaConsentiOS:
    :path: "../"

SPEC CHECKSUMS:
  KochavaConsentiOS: a6cc08a120b7abac09f5f38f8ec842cf5b061f60
  KochavaCoreiOS: c16cf148c19c37bc1fc5f3d5ac8f6d0f68c1eaf4
  KochavaUIiOS: 5807fd95626050bd7534d49c269cc5062abd6b38

PODFILE CHECKSUM: b7e742f8568a26b66373311741b2b738e5c4340d

COCOAPODS: 1.10.1
