PODS:
  - KochavaConsentiOS (4.7.0):
    - KochavaUIiOS (~> 4.7.0)
  - KochavaCoreiOS (4.7.0)
  - KochavaUIiOS (4.7.0):
    - KochavaCoreiOS (~> 4.7.0)

DEPENDENCIES:
  - KochavaConsentiOS (from `../`)

SPEC REPOS:
  trunk:
    - KochavaCoreiOS
    - KochavaUIiOS

EXTERNAL SOURCES:
  KochavaConsentiOS:
    :path: "../"

SPEC CHECKSUMS:
  KochavaConsentiOS: 3a1a4b868c4141846c7838d27303022da4dce6e9
  KochavaCoreiOS: d74f9a00f564ba40e121ae38b62e17f356a062cb
  KochavaUIiOS: 9eae1ae5f27b4fa2d9eb0159e61630854e2d82cb

PODFILE CHECKSUM: b7e742f8568a26b66373311741b2b738e5c4340d

COCOAPODS: 1.10.1
