PODS:
  - KochavaConsentiOS (4.3.0):
    - KochavaUIiOS (~> 4.3.0)
  - KochavaCoreiOS (4.3.0)
  - KochavaUIiOS (4.3.0):
    - KochavaCoreiOS (~> 4.3.0)

DEPENDENCIES:
  - KochavaConsentiOS (from `../`)

SPEC REPOS:
  trunk:
    - KochavaCoreiOS
    - KochavaUIiOS

EXTERNAL SOURCES:
  KochavaConsentiOS:
    :path: "../"

SPEC CHECKSUMS:
  KochavaConsentiOS: 6f3c33e0854889cdea36826b414ab9bfb458c3e1
  KochavaCoreiOS: e628956260499e64b9a7d3eda3a82cf68d09e51c
  KochavaUIiOS: 8c973a2dab41b6728fcce11c157be18eb3167cd7

PODFILE CHECKSUM: b7e742f8568a26b66373311741b2b738e5c4340d

COCOAPODS: 1.10.1
